<?xml version="1.0" encoding="utf-8"?>
<Project ToolsVersion="17.0" xmlns="http://schemas.microsoft.com/developer/msbuild/2003">
  <ItemGroup>
    <ClCompile Include="C:\projetos\MicroRTS_cpp\src\cpp\PhysicalGameState.cpp">
      <Filter>Source Files</Filter>
    </ClCompile>
    <ClCompile Include="C:\projetos\MicroRTS_cpp\src\cpp\UnitTypeTable.cpp">
      <Filter>Source Files</Filter>
    </ClCompile>
    <ClCompile Include="C:\projetos\MicroRTS_cpp\src\cpp\UnitType.cpp">
      <Filter>Source Files</Filter>
    </ClCompile>
    <ClCompile Include="C:\projetos\MicroRTS_cpp\src\cpp\Player.cpp">
      <Filter>Source Files</Filter>
    </ClCompile>
    <ClCompile Include="C:\projetos\MicroRTS_cpp\src\cpp\Unit.cpp">
      <Filter>Source Files</Filter>
    </ClCompile>
  </ItemGroup>
  <ItemGroup>
    <CustomBuild Include="C:\projetos\MicroRTS_cpp\CMakeLists.txt" />
  </ItemGroup>
  <ItemGroup>
    <Filter Include="Source Files">
      <UniqueIdentifier>{D4B071F8-4FD3-3AD1-85E6-C4555BA07493}</UniqueIdentifier>
    </Filter>
  </ItemGroup>
</Project>
